// !$*UTF8*$!
{
	archiveVersion = 1;
	classes = {
	};
	objectVersion = 55;
	objects = {

/* Begin PBXBuildFile section */
		57189A7F283AB201008D33FD /* TaskListTableViewController.swift in Sources */ = {isa = PBXBuildFile; fileRef = 57189A7E283AB201008D33FD /* TaskListTableViewController.swift */; };
		573DE67429250FFE0063139B /* SortViewController.swift in Sources */ = {isa = PBXBuildFile; fileRef = 573DE67329250FFE0063139B /* SortViewController.swift */; };
		574B2D46283E15A600D20407 /* Task.swift in Sources */ = {isa = PBXBuildFile; fileRef = 574B2D45283E15A600D20407 /* Task.swift */; };
		574B2D48283E17ED00D20407 /* TaskStorage.swift in Sources */ = {isa = PBXBuildFile; fileRef = 574B2D47283E17ED00D20407 /* TaskStorage.swift */; };
		574B2D4B283E477000D20407 /* TaskCell.swift in Sources */ = {isa = PBXBuildFile; fileRef = 574B2D4A283E477000D20407 /* TaskCell.swift */; };
		5778B7F0283FB525006D3988 /* TaskManager.swift in Sources */ = {isa = PBXBuildFile; fileRef = 5778B7EF283FB525006D3988 /* TaskManager.swift */; };
		57D13ACF283AAB5400F31193 /* AppDelegate.swift in Sources */ = {isa = PBXBuildFile; fileRef = 57D13ACE283AAB5400F31193 /* AppDelegate.swift */; };
		57D13AD1283AAB5400F31193 /* SceneDelegate.swift in Sources */ = {isa = PBXBuildFile; fileRef = 57D13AD0283AAB5400F31193 /* SceneDelegate.swift */; };
		57D13AD6283AAB5400F31193 /* Main.storyboard in Resources */ = {isa = PBXBuildFile; fileRef = 57D13AD4283AAB5400F31193 /* Main.storyboard */; };
		57D13AD8283AAB5600F31193 /* Assets.xcassets in Resources */ = {isa = PBXBuildFile; fileRef = 57D13AD7283AAB5600F31193 /* Assets.xcassets */; };
		57D13ADB283AAB5600F31193 /* LaunchScreen.storyboard in Resources */ = {isa = PBXBuildFile; fileRef = 57D13AD9283AAB5600F31193 /* LaunchScreen.storyboard */; };
/* End PBXBuildFile section */

/* Begin PBXFileReference section */
		57189A7E283AB201008D33FD /* TaskListTableViewController.swift */ = {isa = PBXFileReference; lastKnownFileType = sourcecode.swift; path = TaskListTableViewController.swift; sourceTree = "<group>"; };
		573DE67329250FFE0063139B /* SortViewController.swift */ = {isa = PBXFileReference; lastKnownFileType = sourcecode.swift; path = SortViewController.swift; sourceTree = "<group>"; };
		574B2D45283E15A600D20407 /* Task.swift */ = {isa = PBXFileReference; lastKnownFileType = sourcecode.swift; path = Task.swift; sourceTree = "<group>"; };
		574B2D47283E17ED00D20407 /* TaskStorage.swift */ = {isa = PBXFileReference; lastKnownFileType = sourcecode.swift; path = TaskStorage.swift; sourceTree = "<group>"; };
		574B2D4A283E477000D20407 /* TaskCell.swift */ = {isa = PBXFileReference; lastKnownFileType = sourcecode.swift; path = TaskCell.swift; sourceTree = "<group>"; };
		5778B7EF283FB525006D3988 /* TaskManager.swift */ = {isa = PBXFileReference; lastKnownFileType = sourcecode.swift; path = TaskManager.swift; sourceTree = "<group>"; };
		57D13ACB283AAB5400F31193 /* To-Do Manager.app */ = {isa = PBXFileReference; explicitFileType = wrapper.application; includeInIndex = 0; path = "To-Do Manager.app"; sourceTree = BUILT_PRODUCTS_DIR; };
		57D13ACE283AAB5400F31193 /* AppDelegate.swift */ = {isa = PBXFileReference; lastKnownFileType = sourcecode.swift; path = AppDelegate.swift; sourceTree = "<group>"; };
		57D13AD0283AAB5400F31193 /* SceneDelegate.swift */ = {isa = PBXFileReference; lastKnownFileType = sourcecode.swift; path = SceneDelegate.swift; sourceTree = "<group>"; };
		57D13AD5283AAB5400F31193 /* Base */ = {isa = PBXFileReference; lastKnownFileType = file.storyboard; name = Base; path = Base.lproj/Main.storyboard; sourceTree = "<group>"; };
		57D13AD7283AAB5600F31193 /* Assets.xcassets */ = {isa = PBXFileReference; lastKnownFileType = folder.assetcatalog; path = Assets.xcassets; sourceTree = "<group>"; };
		57D13ADA283AAB5600F31193 /* Base */ = {isa = PBXFileReference; lastKnownFileType = file.storyboard; name = Base; path = Base.lproj/LaunchScreen.storyboard; sourceTree = "<group>"; };
		57D13ADC283AAB5600F31193 /* Info.plist */ = {isa = PBXFileReference; lastKnownFileType = text.plist.xml; path = Info.plist; sourceTree = "<group>"; };
/* End PBXFileReference section */

/* Begin PBXFrameworksBuildPhase section */
		57D13AC8283AAB5400F31193 /* Frameworks */ = {
			isa = PBXFrameworksBuildPhase;
			buildActionMask = 2147483647;
			files = (
			);
			runOnlyForDeploymentPostprocessing = 0;
		};
/* End PBXFrameworksBuildPhase section */

/* Begin PBXGroup section */
		574B2D44283E157900D20407 /* Models */ = {
			isa = PBXGroup;
			children = (
				574B2D45283E15A600D20407 /* Task.swift */,
				5778B7EF283FB525006D3988 /* TaskManager.swift */,
				574B2D47283E17ED00D20407 /* TaskStorage.swift */,
			);
			path = Models;
			sourceTree = "<group>";
		};
		574B2D4C283E47EE00D20407 /* Cells */ = {
			isa = PBXGroup;
			children = (
				574B2D4A283E477000D20407 /* TaskCell.swift */,
			);
			path = Cells;
			sourceTree = "<group>";
		};
		574B2D4D283F5EDD00D20407 /* Controllers */ = {
			isa = PBXGroup;
			children = (
				57189A7E283AB201008D33FD /* TaskListTableViewController.swift */,
				573DE67329250FFE0063139B /* SortViewController.swift */,
			);
			path = Controllers;
			sourceTree = "<group>";
		};
		57677C632923CB11000D19B3 /* Views */ = {
			isa = PBXGroup;
			children = (
				574B2D4C283E47EE00D20407 /* Cells */,
			);
			path = Views;
			sourceTree = "<group>";
		};
		57D13AC2283AAB5400F31193 = {
			isa = PBXGroup;
			children = (
				57D13ACD283AAB5400F31193 /* To-Do Manager */,
				57D13ACC283AAB5400F31193 /* Products */,
			);
			sourceTree = "<group>";
		};
		57D13ACC283AAB5400F31193 /* Products */ = {
			isa = PBXGroup;
			children = (
				57D13ACB283AAB5400F31193 /* To-Do Manager.app */,
			);
			name = Products;
			sourceTree = "<group>";
		};
		57D13ACD283AAB5400F31193 /* To-Do Manager */ = {
			isa = PBXGroup;
			children = (
				57D13ADC283AAB5600F31193 /* Info.plist */,
				57D13ACE283AAB5400F31193 /* AppDelegate.swift */,
				57D13AD0283AAB5400F31193 /* SceneDelegate.swift */,
				574B2D44283E157900D20407 /* Models */,
				57677C632923CB11000D19B3 /* Views */,
				574B2D4D283F5EDD00D20407 /* Controllers */,
				57D13AD7283AAB5600F31193 /* Assets.xcassets */,
				57D13AD4283AAB5400F31193 /* Main.storyboard */,
				57D13AD9283AAB5600F31193 /* LaunchScreen.storyboard */,
			);
			path = "To-Do Manager";
			sourceTree = "<group>";
		};
/* End PBXGroup section */

/* Begin PBXNativeTarget section */
		57D13ACA283AAB5400F31193 /* To-Do Manager */ = {
			isa = PBXNativeTarget;
			buildConfigurationList = 57D13ADF283AAB5600F31193 /* Build configuration list for PBXNativeTarget "To-Do Manager" */;
			buildPhases = (
				57D13AC7283AAB5400F31193 /* Sources */,
				57D13AC8283AAB5400F31193 /* Frameworks */,
				57D13AC9283AAB5400F31193 /* Resources */,
				57ABFE1828437F2100F45DB2 /* ShellScript */,
			);
			buildRules = (
			);
			dependencies = (
			);
			name = "To-Do Manager";
			productName = "To-Do Manager";
			productReference = 57D13ACB283AAB5400F31193 /* To-Do Manager.app */;
			productType = "com.apple.product-type.application";
		};
/* End PBXNativeTarget section */

/* Begin PBXProject section */
		57D13AC3283AAB5400F31193 /* Project object */ = {
			isa = PBXProject;
			attributes = {
				BuildIndependentTargetsInParallel = 1;
				LastSwiftUpdateCheck = 1340;
				LastUpgradeCheck = 1340;
				TargetAttributes = {
					57D13ACA283AAB5400F31193 = {
						CreatedOnToolsVersion = 13.4;
					};
				};
			};
			buildConfigurationList = 57D13AC6283AAB5400F31193 /* Build configuration list for PBXProject "To-Do Manager" */;
			compatibilityVersion = "Xcode 13.0";
			developmentRegion = en;
			hasScannedForEncodings = 0;
			knownRegions = (
				en,
				Base,
			);
			mainGroup = 57D13AC2283AAB5400F31193;
			productRefGroup = 57D13ACC283AAB5400F31193 /* Products */;
			projectDirPath = "";
			projectRoot = "";
			targets = (
				57D13ACA283AAB5400F31193 /* To-Do Manager */,
			);
		};
/* End PBXProject section */

/* Begin PBXResourcesBuildPhase section */
		57D13AC9283AAB5400F31193 /* Resources */ = {
			isa = PBXResourcesBuildPhase;
			buildActionMask = 2147483647;
			files = (
				57D13ADB283AAB5600F31193 /* LaunchScreen.storyboard in Resources */,
				57D13AD8283AAB5600F31193 /* Assets.xcassets in Resources */,
				57D13AD6283AAB5400F31193 /* Main.storyboard in Resources */,
			);
			runOnlyForDeploymentPostprocessing = 0;
		};
/* End PBXResourcesBuildPhase section */

/* Begin PBXShellScriptBuildPhase section */
		57ABFE1828437F2100F45DB2 /* ShellScript */ = {
			isa = PBXShellScriptBuildPhase;
			alwaysOutOfDate = 1;
			buildActionMask = 2147483647;
			files = (
			);
			inputFileListPaths = (
			);
			inputPaths = (
			);
			outputFileListPaths = (
			);
			outputPaths = (
			);
			runOnlyForDeploymentPostprocessing = 0;
			shellPath = /bin/sh;
			shellScript = "export PATH=\"$PATH:/opt/homebrew/bin\"\nif which swiftlint > /dev/null; then\n  swiftlint\nelse\n  echo \"warning: SwiftLint not installed, download from https://github.com/realm/SwiftLint\"\nfi\n";
		};
/* End PBXShellScriptBuildPhase section */

/* Begin PBXSourcesBuildPhase section */
		57D13AC7283AAB5400F31193 /* Sources */ = {
			isa = PBXSourcesBuildPhase;
			buildActionMask = 2147483647;
			files = (
				574B2D46283E15A600D20407 /* Task.swift in Sources */,
				5778B7F0283FB525006D3988 /* TaskManager.swift in Sources */,
				573DE67429250FFE0063139B /* SortViewController.swift in Sources */,
				57D13ACF283AAB5400F31193 /* AppDelegate.swift in Sources */,
				574B2D48283E17ED00D20407 /* TaskStorage.swift in Sources */,
				57D13AD1283AAB5400F31193 /* SceneDelegate.swift in Sources */,
				574B2D4B283E477000D20407 /* TaskCell.swift in Sources */,
				57189A7F283AB201008D33FD /* TaskListTableViewController.swift in Sources */,
			);
			runOnlyForDeploymentPostprocessing = 0;
		};
/* End PBXSourcesBuildPhase section */

/* Begin PBXVariantGroup section */
		57D13AD4283AAB5400F31193 /* Main.storyboard */ = {
			isa = PBXVariantGroup;
			children = (
				57D13AD5283AAB5400F31193 /* Base */,
			);
			name = Main.storyboard;
			sourceTree = "<group>";
		};
		57D13AD9283AAB5600F31193 /* LaunchScreen.storyboard */ = {
			isa = PBXVariantGroup;
			children = (
				57D13ADA283AAB5600F31193 /* Base */,
			);
			name = LaunchScreen.storyboard;
			sourceTree = "<group>";
		};
/* End PBXVariantGroup section */

/* Begin XCBuildConfiguration section */
		57D13ADD283AAB5600F31193 /* Debug */ = {
			isa = XCBuildConfiguration;
			buildSettings = {
				ALWAYS_SEARCH_USER_PATHS = NO;
				CLANG_ANALYZER_LOCALIZABILITY_NONLOCALIZED = YES;
				CLANG_ANALYZER_NONNULL = YES;
				CLANG_ANALYZER_NUMBER_OBJECT_CONVERSION = YES_AGGRESSIVE;
				CLANG_CXX_LANGUAGE_STANDARD = "gnu++17";
				CLANG_ENABLE_MODULES = YES;
				CLANG_ENABLE_OBJC_ARC = YES;
				CLANG_ENABLE_OBJC_WEAK = YES;
				CLANG_WARN_BLOCK_CAPTURE_AUTORELEASING = YES;
				CLANG_WARN_BOOL_CONVERSION = YES;
				CLANG_WARN_COMMA = YES;
				CLANG_WARN_CONSTANT_CONVERSION = YES;
				CLANG_WARN_DEPRECATED_OBJC_IMPLEMENTATIONS = YES;
				CLANG_WARN_DIRECT_OBJC_ISA_USAGE = YES_ERROR;
				CLANG_WARN_DOCUMENTATION_COMMENTS = YES;
				CLANG_WARN_EMPTY_BODY = YES;
				CLANG_WARN_ENUM_CONVERSION = YES;
				CLANG_WARN_INFINITE_RECURSION = YES;
				CLANG_WARN_INT_CONVERSION = YES;
				CLANG_WARN_NON_LITERAL_NULL_CONVERSION = YES;
				CLANG_WARN_OBJC_IMPLICIT_RETAIN_SELF = YES;
				CLANG_WARN_OBJC_LITERAL_CONVERSION = YES;
				CLANG_WARN_OBJC_ROOT_CLASS = YES_ERROR;
				CLANG_WARN_QUOTED_INCLUDE_IN_FRAMEWORK_HEADER = YES;
				CLANG_WARN_RANGE_LOOP_ANALYSIS = YES;
				CLANG_WARN_STRICT_PROTOTYPES = YES;
				CLANG_WARN_SUSPICIOUS_MOVE = YES;
				CLANG_WARN_UNGUARDED_AVAILABILITY = YES_AGGRESSIVE;
				CLANG_WARN_UNREACHABLE_CODE = YES;
				CLANG_WARN__DUPLICATE_METHOD_MATCH = YES;
				COPY_PHASE_STRIP = NO;
				DEBUG_INFORMATION_FORMAT = dwarf;
				ENABLE_STRICT_OBJC_MSGSEND = YES;
				ENABLE_TESTABILITY = YES;
				GCC_C_LANGUAGE_STANDARD = gnu11;
				GCC_DYNAMIC_NO_PIC = NO;
				GCC_NO_COMMON_BLOCKS = YES;
				GCC_OPTIMIZATION_LEVEL = 0;
				GCC_PREPROCESSOR_DEFINITIONS = (
					"DEBUG=1",
					"$(inherited)",
				);
				GCC_WARN_64_TO_32_BIT_CONVERSION = YES;
				GCC_WARN_ABOUT_RETURN_TYPE = YES_ERROR;
				GCC_WARN_UNDECLARED_SELECTOR = YES;
				GCC_WARN_UNINITIALIZED_AUTOS = YES_AGGRESSIVE;
				GCC_WARN_UNUSED_FUNCTION = YES;
				GCC_WARN_UNUSED_VARIABLE = YES;
				IPHONEOS_DEPLOYMENT_TARGET = 15.5;
				MTL_ENABLE_DEBUG_INFO = INCLUDE_SOURCE;
				MTL_FAST_MATH = YES;
				ONLY_ACTIVE_ARCH = YES;
				SDKROOT = iphoneos;
				SWIFT_ACTIVE_COMPILATION_CONDITIONS = DEBUG;
				SWIFT_OPTIMIZATION_LEVEL = "-Onone";
			};
			name = Debug;
		};
		57D13ADE283AAB5600F31193 /* Release */ = {
			isa = XCBuildConfiguration;
			buildSettings = {
				ALWAYS_SEARCH_USER_PATHS = NO;
				CLANG_ANALYZER_LOCALIZABILITY_NONLOCALIZED = YES;
				CLANG_ANALYZER_NONNULL = YES;
				CLANG_ANALYZER_NUMBER_OBJECT_CONVERSION = YES_AGGRESSIVE;
				CLANG_CXX_LANGUAGE_STANDARD = "gnu++17";
				CLANG_ENABLE_MODULES = YES;
				CLANG_ENABLE_OBJC_ARC = YES;
				CLANG_ENABLE_OBJC_WEAK = YES;
				CLANG_WARN_BLOCK_CAPTURE_AUTORELEASING = YES;
				CLANG_WARN_BOOL_CONVERSION = YES;
				CLANG_WARN_COMMA = YES;
				CLANG_WARN_CONSTANT_CONVERSION = YES;
				CLANG_WARN_DEPRECATED_OBJC_IMPLEMENTATIONS = YES;
				CLANG_WARN_DIRECT_OBJC_ISA_USAGE = YES_ERROR;
				CLANG_WARN_DOCUMENTATION_COMMENTS = YES;
				CLANG_WARN_EMPTY_BODY = YES;
				CLANG_WARN_ENUM_CONVERSION = YES;
				CLANG_WARN_INFINITE_RECURSION = YES;
				CLANG_WARN_INT_CONVERSION = YES;
				CLANG_WARN_NON_LITERAL_NULL_CONVERSION = YES;
				CLANG_WARN_OBJC_IMPLICIT_RETAIN_SELF = YES;
				CLANG_WARN_OBJC_LITERAL_CONVERSION = YES;
				CLANG_WARN_OBJC_ROOT_CLASS = YES_ERROR;
				CLANG_WARN_QUOTED_INCLUDE_IN_FRAMEWORK_HEADER = YES;
				CLANG_WARN_RANGE_LOOP_ANALYSIS = YES;
				CLANG_WARN_STRICT_PROTOTYPES = YES;
				CLANG_WARN_SUSPICIOUS_MOVE = YES;
				CLANG_WARN_UNGUARDED_AVAILABILITY = YES_AGGRESSIVE;
				CLANG_WARN_UNREACHABLE_CODE = YES;
				CLANG_WARN__DUPLICATE_METHOD_MATCH = YES;
				COPY_PHASE_STRIP = NO;
				DEBUG_INFORMATION_FORMAT = "dwarf-with-dsym";
				ENABLE_NS_ASSERTIONS = NO;
				ENABLE_STRICT_OBJC_MSGSEND = YES;
				GCC_C_LANGUAGE_STANDARD = gnu11;
				GCC_NO_COMMON_BLOCKS = YES;
				GCC_WARN_64_TO_32_BIT_CONVERSION = YES;
				GCC_WARN_ABOUT_RETURN_TYPE = YES_ERROR;
				GCC_WARN_UNDECLARED_SELECTOR = YES;
				GCC_WARN_UNINITIALIZED_AUTOS = YES_AGGRESSIVE;
				GCC_WARN_UNUSED_FUNCTION = YES;
				GCC_WARN_UNUSED_VARIABLE = YES;
				IPHONEOS_DEPLOYMENT_TARGET = 15.5;
				MTL_ENABLE_DEBUG_INFO = NO;
				MTL_FAST_MATH = YES;
				SDKROOT = iphoneos;
				SWIFT_COMPILATION_MODE = wholemodule;
				SWIFT_OPTIMIZATION_LEVEL = "-O";
				VALIDATE_PRODUCT = YES;
			};
			name = Release;
		};
		57D13AE0283AAB5600F31193 /* Debug */ = {
			isa = XCBuildConfiguration;
			buildSettings = {
				ASSETCATALOG_COMPILER_APPICON_NAME = AppIcon;
				ASSETCATALOG_COMPILER_GLOBAL_ACCENT_COLOR_NAME = AccentColor;
				CODE_SIGN_STYLE = Automatic;
				CURRENT_PROJECT_VERSION = 34;
				DEVELOPMENT_TEAM = P3BYVBK57Z;
				GENERATE_INFOPLIST_FILE = YES;
				INFOPLIST_FILE = "To-Do Manager/Info.plist";
				INFOPLIST_KEY_UIApplicationSupportsIndirectInputEvents = YES;
				INFOPLIST_KEY_UILaunchStoryboardName = LaunchScreen;
				INFOPLIST_KEY_UIMainStoryboardFile = Main;
				INFOPLIST_KEY_UISupportedInterfaceOrientations_iPad = "UIInterfaceOrientationPortrait UIInterfaceOrientationPortraitUpsideDown UIInterfaceOrientationLandscapeLeft UIInterfaceOrientationLandscapeRight";
				INFOPLIST_KEY_UISupportedInterfaceOrientations_iPhone = "UIInterfaceOrientationPortrait UIInterfaceOrientationLandscapeLeft UIInterfaceOrientationLandscapeRight";
				LD_RUNPATH_SEARCH_PATHS = (
					"$(inherited)",
					"@executable_path/Frameworks",
				);
				MARKETING_VERSION = 1.0;
				PRODUCT_BUNDLE_IDENTIFIER = "ios.biiak.To-Do-Manager";
				PRODUCT_NAME = "$(TARGET_NAME)";
				SWIFT_EMIT_LOC_STRINGS = YES;
				SWIFT_VERSION = 5.0;
				TARGETED_DEVICE_FAMILY = "1,2";
			};
			name = Debug;
		};
		57D13AE1283AAB5600F31193 /* Release */ = {
			isa = XCBuildConfiguration;
			buildSettings = {
				ASSETCATALOG_COMPILER_APPICON_NAME = AppIcon;
				ASSETCATALOG_COMPILER_GLOBAL_ACCENT_COLOR_NAME = AccentColor;
				CODE_SIGN_STYLE = Automatic;
				CURRENT_PROJECT_VERSION = 34;
				DEVELOPMENT_TEAM = P3BYVBK57Z;
				GENERATE_INFOPLIST_FILE = YES;
				INFOPLIST_FILE = "To-Do Manager/Info.plist";
				INFOPLIST_KEY_UIApplicationSupportsIndirectInputEvents = YES;
				INFOPLIST_KEY_UILaunchStoryboardName = LaunchScreen;
				INFOPLIST_KEY_UIMainStoryboardFile = Main;
				INFOPLIST_KEY_UISupportedInterfaceOrientations_iPad = "UIInterfaceOrientationPortrait UIInterfaceOrientationPortraitUpsideDown UIInterfaceOrientationLandscapeLeft UIInterfaceOrientationLandscapeRight";
				INFOPLIST_KEY_UISupportedInterfaceOrientations_iPhone = "UIInterfaceOrientationPortrait UIInterfaceOrientationLandscapeLeft UIInterfaceOrientationLandscapeRight";
				LD_RUNPATH_SEARCH_PATHS = (
					"$(inherited)",
					"@executable_path/Frameworks",
				);
				MARKETING_VERSION = 1.0;
				PRODUCT_BUNDLE_IDENTIFIER = "ios.biiak.To-Do-Manager";
				PRODUCT_NAME = "$(TARGET_NAME)";
				SWIFT_EMIT_LOC_STRINGS = YES;
				SWIFT_VERSION = 5.0;
				TARGETED_DEVICE_FAMILY = "1,2";
			};
			name = Release;
		};
/* End XCBuildConfiguration section */

/* Begin XCConfigurationList section */
		57D13AC6283AAB5400F31193 /* Build configuration list for PBXProject "To-Do Manager" */ = {
			isa = XCConfigurationList;
			buildConfigurations = (
				57D13ADD283AAB5600F31193 /* Debug */,
				57D13ADE283AAB5600F31193 /* Release */,
			);
			defaultConfigurationIsVisible = 0;
			defaultConfigurationName = Release;
		};
		57D13ADF283AAB5600F31193 /* Build configuration list for PBXNativeTarget "To-Do Manager" */ = {
			isa = XCConfigurationList;
			buildConfigurations = (
				57D13AE0283AAB5600F31193 /* Debug */,
				57D13AE1283AAB5600F31193 /* Release */,
			);
			defaultConfigurationIsVisible = 0;
			defaultConfigurationName = Release;
		};
/* End XCConfigurationList section */
	};
	rootObject = 57D13AC3283AAB5400F31193 /* Project object */;
}
